Microsoft Visual Studio Solution File, Format Version 12.00
# Visual Studio 14
Project("{8BC9CEB8-8B4A-11D0-8D11-00A0C91BC942}") = "ALL_BUILD", "ALL_BUILD.vcxproj", "{D54F2233-E372-4E1E-981A-D79CEB8FAE4A}"
	ProjectSection(ProjectDependencies) = postProject
		{9FD76A01-6B5D-4E3E-BA50-2BEA4FDA8AB3} = {9FD76A01-6B5D-4E3E-BA50-2BEA4FDA8AB3}
		{8EF282EB-4FE9-425D-8DBD-42C337A7513D} = {8EF282EB-4FE9-425D-8DBD-42C337A7513D}
	EndProjectSection
EndProject
Project("{8BC9CEB8-8B4A-11D0-8D11-00A0C91BC942}") = "INSTALL", "INSTALL.vcxproj", "{059519BE-3C33-4F9E-A402-8A79F99D2B7E}"
	ProjectSection(ProjectDependencies) = postProject
		{D54F2233-E372-4E1E-981A-D79CEB8FAE4A} = {D54F2233-E372-4E1E-981A-D79CEB8FAE4A}
	EndProjectSection
EndProject
Project("{8BC9CEB8-8B4A-11D0-8D11-00A0C91BC942}") = "ZERO_CHECK", "ZERO_CHECK.vcxproj", "{9FD76A01-6B5D-4E3E-BA50-2BEA4FDA8AB3}"
	ProjectSection(ProjectDependencies) = postProject
	EndProjectSection
EndProject
Project("{8BC9CEB8-8B4A-11D0-8D11-00A0C91BC942}") = "glfw", "src\glfw.vcxproj", "{8EF282EB-4FE9-425D-8DBD-42C337A7513D}"
	ProjectSection(ProjectDependencies) = postProject
		{9FD76A01-6B5D-4E3E-BA50-2BEA4FDA8AB3} = {9FD76A01-6B5D-4E3E-BA50-2BEA4FDA8AB3}
	EndProjectSection
EndProject
Project("{8BC9CEB8-8B4A-11D0-8D11-00A0C91BC942}") = "uninstall", "uninstall.vcxproj", "{6AEC1654-F5DD-4078-85E4-94452799404A}"
	ProjectSection(ProjectDependencies) = postProject
		{9FD76A01-6B5D-4E3E-BA50-2BEA4FDA8AB3} = {9FD76A01-6B5D-4E3E-BA50-2BEA4FDA8AB3}
	EndProjectSection
EndProject
Project("{2150E333-8FDC-42A3-9474-1A3956D46DE8}") = "CMakePredefinedTargets", "CMakePredefinedTargets", "{84E5349F-4591-4317-B055-2137AE388548}"
EndProject
Project("{2150E333-8FDC-42A3-9474-1A3956D46DE8}") = "GLFW3", "GLFW3", "{417C823B-D964-4AEE-BF16-5D19734A7F37}"
EndProject
Global
	GlobalSection(SolutionConfigurationPlatforms) = preSolution
		Debug|Win32 = Debug|Win32
		Release|Win32 = Release|Win32
		MinSizeRel|Win32 = MinSizeRel|Win32
		RelWithDebInfo|Win32 = RelWithDebInfo|Win32
	EndGlobalSection
	GlobalSection(ProjectConfigurationPlatforms) = postSolution
		{D54F2233-E372-4E1E-981A-D79CEB8FAE4A}.Debug|Win32.ActiveCfg = Debug|Win32
		{D54F2233-E372-4E1E-981A-D79CEB8FAE4A}.Debug|Win32.Build.0 = Debug|Win32
		{D54F2233-E372-4E1E-981A-D79CEB8FAE4A}.Release|Win32.ActiveCfg = Release|Win32
		{D54F2233-E372-4E1E-981A-D79CEB8FAE4A}.Release|Win32.Build.0 = Release|Win32
		{D54F2233-E372-4E1E-981A-D79CEB8FAE4A}.MinSizeRel|Win32.ActiveCfg = MinSizeRel|Win32
		{D54F2233-E372-4E1E-981A-D79CEB8FAE4A}.MinSizeRel|Win32.Build.0 = MinSizeRel|Win32
		{D54F2233-E372-4E1E-981A-D79CEB8FAE4A}.RelWithDebInfo|Win32.ActiveCfg = RelWithDebInfo|Win32
		{D54F2233-E372-4E1E-981A-D79CEB8FAE4A}.RelWithDebInfo|Win32.Build.0 = RelWithDebInfo|Win32
		{059519BE-3C33-4F9E-A402-8A79F99D2B7E}.Debug|Win32.ActiveCfg = Debug|Win32
		{059519BE-3C33-4F9E-A402-8A79F99D2B7E}.Release|Win32.ActiveCfg = Release|Win32
		{059519BE-3C33-4F9E-A402-8A79F99D2B7E}.MinSizeRel|Win32.ActiveCfg = MinSizeRel|Win32
		{059519BE-3C33-4F9E-A402-8A79F99D2B7E}.RelWithDebInfo|Win32.ActiveCfg = RelWithDebInfo|Win32
		{9FD76A01-6B5D-4E3E-BA50-2BEA4FDA8AB3}.Debug|Win32.ActiveCfg = Debug|Win32
		{9FD76A01-6B5D-4E3E-BA50-2BEA4FDA8AB3}.Debug|Win32.Build.0 = Debug|Win32
		{9FD76A01-6B5D-4E3E-BA50-2BEA4FDA8AB3}.Release|Win32.ActiveCfg = Release|Win32
		{9FD76A01-6B5D-4E3E-BA50-2BEA4FDA8AB3}.Release|Win32.Build.0 = Release|Win32
		{9FD76A01-6B5D-4E3E-BA50-2BEA4FDA8AB3}.MinSizeRel|Win32.ActiveCfg = MinSizeRel|Win32
		{9FD76A01-6B5D-4E3E-BA50-2BEA4FDA8AB3}.MinSizeRel|Win32.Build.0 = MinSizeRel|Win32
		{9FD76A01-6B5D-4E3E-BA50-2BEA4FDA8AB3}.RelWithDebInfo|Win32.ActiveCfg = RelWithDebInfo|Win32
		{9FD76A01-6B5D-4E3E-BA50-2BEA4FDA8AB3}.RelWithDebInfo|Win32.Build.0 = RelWithDebInfo|Win32
		{8EF282EB-4FE9-425D-8DBD-42C337A7513D}.Debug|Win32.ActiveCfg = Debug|Win32
		{8EF282EB-4FE9-425D-8DBD-42C337A7513D}.Debug|Win32.Build.0 = Debug|Win32
		{8EF282EB-4FE9-425D-8DBD-42C337A7513D}.Release|Win32.ActiveCfg = Release|Win32
		{8EF282EB-4FE9-425D-8DBD-42C337A7513D}.Release|Win32.Build.0 = Release|Win32
		{8EF282EB-4FE9-425D-8DBD-42C337A7513D}.MinSizeRel|Win32.ActiveCfg = MinSizeRel|Win32
		{8EF282EB-4FE9-425D-8DBD-42C337A7513D}.MinSizeRel|Win32.Build.0 = MinSizeRel|Win32
		{8EF282EB-4FE9-425D-8DBD-42C337A7513D}.RelWithDebInfo|Win32.ActiveCfg = RelWithDebInfo|Win32
		{8EF282EB-4FE9-425D-8DBD-42C337A7513D}.RelWithDebInfo|Win32.Build.0 = RelWithDebInfo|Win32
		{6AEC1654-F5DD-4078-85E4-94452799404A}.Debug|Win32.ActiveCfg = Debug|Win32
		{6AEC1654-F5DD-4078-85E4-94452799404A}.Release|Win32.ActiveCfg = Release|Win32
		{6AEC1654-F5DD-4078-85E4-94452799404A}.MinSizeRel|Win32.ActiveCfg = MinSizeRel|Win32
		{6AEC1654-F5DD-4078-85E4-94452799404A}.RelWithDebInfo|Win32.ActiveCfg = RelWithDebInfo|Win32
	EndGlobalSection
	GlobalSection(NestedProjects) = preSolution
		{059519BE-3C33-4F9E-A402-8A79F99D2B7E} = {84E5349F-4591-4317-B055-2137AE388548}
		{9FD76A01-6B5D-4E3E-BA50-2BEA4FDA8AB3} = {84E5349F-4591-4317-B055-2137AE388548}
		{8EF282EB-4FE9-425D-8DBD-42C337A7513D} = {417C823B-D964-4AEE-BF16-5D19734A7F37}
	EndGlobalSection
	GlobalSection(ExtensibilityGlobals) = postSolution
	EndGlobalSection
	GlobalSection(ExtensibilityAddIns) = postSolution
	EndGlobalSection
EndGlobal
