<?xml version="1.0" encoding="UTF-8"?>
<Project ToolsVersion="14.0" xmlns="http://schemas.microsoft.com/developer/msbuild/2003">
  <ItemGroup>
    <ClCompile Include="E:\Secret\Secret\Tmp.libsrc\glfw-3.1.2\src\context.c">
      <Filter>Source Files</Filter>
    </ClCompile>
    <ClCompile Include="E:\Secret\Secret\Tmp.libsrc\glfw-3.1.2\src\init.c">
      <Filter>Source Files</Filter>
    </ClCompile>
    <ClCompile Include="E:\Secret\Secret\Tmp.libsrc\glfw-3.1.2\src\input.c">
      <Filter>Source Files</Filter>
    </ClCompile>
    <ClCompile Include="E:\Secret\Secret\Tmp.libsrc\glfw-3.1.2\src\monitor.c">
      <Filter>Source Files</Filter>
    </ClCompile>
    <ClCompile Include="E:\Secret\Secret\Tmp.libsrc\glfw-3.1.2\src\window.c">
      <Filter>Source Files</Filter>
    </ClCompile>
    <ClCompile Include="E:\Secret\Secret\Tmp.libsrc\glfw-3.1.2\src\win32_init.c">
      <Filter>Source Files</Filter>
    </ClCompile>
    <ClCompile Include="E:\Secret\Secret\Tmp.libsrc\glfw-3.1.2\src\win32_monitor.c">
      <Filter>Source Files</Filter>
    </ClCompile>
    <ClCompile Include="E:\Secret\Secret\Tmp.libsrc\glfw-3.1.2\src\win32_time.c">
      <Filter>Source Files</Filter>
    </ClCompile>
    <ClCompile Include="E:\Secret\Secret\Tmp.libsrc\glfw-3.1.2\src\win32_tls.c">
      <Filter>Source Files</Filter>
    </ClCompile>
    <ClCompile Include="E:\Secret\Secret\Tmp.libsrc\glfw-3.1.2\src\win32_window.c">
      <Filter>Source Files</Filter>
    </ClCompile>
    <ClCompile Include="E:\Secret\Secret\Tmp.libsrc\glfw-3.1.2\src\winmm_joystick.c">
      <Filter>Source Files</Filter>
    </ClCompile>
    <ClCompile Include="E:\Secret\Secret\Tmp.libsrc\glfw-3.1.2\src\wgl_context.c">
      <Filter>Source Files</Filter>
    </ClCompile>
  </ItemGroup>
  <ItemGroup>
    <ClInclude Include="E:\Secret\Secret\Tmp.libsrc\glfw-3.1.2\src\internal.h">
      <Filter>Header Files</Filter>
    </ClInclude>
    <ClInclude Include="E:\Secret\Secret\Tmp.libsrc\glfw-3.1.2\VC2015\src\glfw_config.h">
      <Filter>Header Files</Filter>
    </ClInclude>
    <ClInclude Include="E:\Secret\Secret\Tmp.libsrc\glfw-3.1.2\include\GLFW\glfw3.h">
      <Filter>Header Files</Filter>
    </ClInclude>
    <ClInclude Include="E:\Secret\Secret\Tmp.libsrc\glfw-3.1.2\include\GLFW\glfw3native.h">
      <Filter>Header Files</Filter>
    </ClInclude>
    <ClInclude Include="E:\Secret\Secret\Tmp.libsrc\glfw-3.1.2\src\win32_platform.h">
      <Filter>Header Files</Filter>
    </ClInclude>
    <ClInclude Include="E:\Secret\Secret\Tmp.libsrc\glfw-3.1.2\src\win32_tls.h">
      <Filter>Header Files</Filter>
    </ClInclude>
    <ClInclude Include="E:\Secret\Secret\Tmp.libsrc\glfw-3.1.2\src\winmm_joystick.h">
      <Filter>Header Files</Filter>
    </ClInclude>
    <ClInclude Include="E:\Secret\Secret\Tmp.libsrc\glfw-3.1.2\src\wgl_context.h">
      <Filter>Header Files</Filter>
    </ClInclude>
  </ItemGroup>
  <ItemGroup>
    <CustomBuild Include="E:\Secret\Secret\Tmp.libsrc\glfw-3.1.2\src\CMakeLists.txt" />
  </ItemGroup>
  <ItemGroup>
    <Filter Include="Source Files">
      <UniqueIdentifier>{A59B74A3-CDD4-4A43-8B95-EF1E19E56605}</UniqueIdentifier>
    </Filter>
    <Filter Include="Header Files">
      <UniqueIdentifier>{66E8F397-1F14-4455-B421-BA0478B01D46}</UniqueIdentifier>
    </Filter>
  </ItemGroup>
</Project>
