<?xml version="1.0" encoding="UTF-8"?>
<Project ToolsVersion="14.0" xmlns="http://schemas.microsoft.com/developer/msbuild/2003">
  <ItemGroup>
    <ClCompile Include="E:\Secret\Secret\Tmp.libsrc\glew-1.13.0\src\glewinfo.c">
      <Filter>Source Files</Filter>
    </ClCompile>
  </ItemGroup>
  <ItemGroup>
    <CustomBuild Include="E:\Secret\Secret\Tmp.libsrc\glew-1.13.0\build\cmake\CMakeLists.txt" />
  </ItemGroup>
  <ItemGroup>
    <Filter Include="Source Files">
      <UniqueIdentifier>{EF5D9BB3-AC9A-41B4-8B8F-EB252216BFEC}</UniqueIdentifier>
    </Filter>
  </ItemGroup>
</Project>
