<?xml version="1.0" encoding="utf-8"?>
<Project ToolsVersion="4.0" xmlns="http://schemas.microsoft.com/developer/msbuild/2003">
  <ItemGroup>
    <Filter Include="Init">
      <UniqueIdentifier>{0f473e62-8caa-47dd-a636-73e96adcd10a}</UniqueIdentifier>
    </Filter>
    <Filter Include="Callback">
      <UniqueIdentifier>{14fac88f-f7bb-42b2-81a1-eb93e96dc22e}</UniqueIdentifier>
    </Filter>
    <Filter Include="Thread">
      <UniqueIdentifier>{f7146d6b-f55e-4f66-ab7e-6ffee56f422d}</UniqueIdentifier>
    </Filter>
    <Filter Include="Init\head">
      <UniqueIdentifier>{41566944-59a6-4a29-a033-32dc016e5fb2}</UniqueIdentifier>
    </Filter>
    <Filter Include="Thread\head">
      <UniqueIdentifier>{83c11626-d8fa-42d5-8edd-701b0bc53c3f}</UniqueIdentifier>
    </Filter>
  </ItemGroup>
  <ItemGroup>
    <ClCompile Include="Main.cpp" />
    <ClCompile Include="MouseCallback.cpp">
      <Filter>Callback</Filter>
    </ClCompile>
    <ClCompile Include="InitCallback.cpp">
      <Filter>Init</Filter>
    </ClCompile>
    <ClCompile Include="InitGLWindow.cpp">
      <Filter>Init</Filter>
    </ClCompile>
    <ClCompile Include="InitRenderThread.cpp">
      <Filter>Init</Filter>
    </ClCompile>
    <ClCompile Include="ThreadRender.cpp">
      <Filter>Thread</Filter>
    </ClCompile>
  </ItemGroup>
  <ItemGroup>
    <ClInclude Include="InitGLWindow.h">
      <Filter>Init\head</Filter>
    </ClInclude>
    <ClInclude Include="ThreadRender.h">
      <Filter>Thread\head</Filter>
    </ClInclude>
    <ClInclude Include="Render.h" />
    <ClInclude Include="InitRenderThread.h">
      <Filter>Init\head</Filter>
    </ClInclude>
  </ItemGroup>
</Project>