<?xml version="1.0" encoding="utf-8"?>
<Project ToolsVersion="4.0" xmlns="http://schemas.microsoft.com/developer/msbuild/2003">
  <ItemGroup>
    <Filter Include="Init">
      <UniqueIdentifier>{0f473e62-8caa-47dd-a636-73e96adcd10a}</UniqueIdentifier>
    </Filter>
    <Filter Include="Callback">
      <UniqueIdentifier>{14fac88f-f7bb-42b2-81a1-eb93e96dc22e}</UniqueIdentifier>
    </Filter>
    <Filter Include="Thread">
      <UniqueIdentifier>{f7146d6b-f55e-4f66-ab7e-6ffee56f422d}</UniqueIdentifier>
    </Filter>
    <Filter Include="Shader">
      <UniqueIdentifier>{9ff7d304-150c-4145-a252-76f4d509ce1e}</UniqueIdentifier>
    </Filter>
    <Filter Include="Render">
      <UniqueIdentifier>{6d6252e3-aa5e-4152-8b8e-851b5505eb42}</UniqueIdentifier>
    </Filter>
    <Filter Include="Location">
      <UniqueIdentifier>{3da1549b-4cfd-45e1-9326-3ab67239f544}</UniqueIdentifier>
    </Filter>
    <Filter Include="Block">
      <UniqueIdentifier>{2440d037-a4bf-478f-bcdd-285e0535bed6}</UniqueIdentifier>
    </Filter>
    <Filter Include="Game">
      <UniqueIdentifier>{ed5b6708-fa5c-41e9-84e9-6c2f35021295}</UniqueIdentifier>
    </Filter>
  </ItemGroup>
  <ItemGroup>
    <ClCompile Include="Main.cpp" />
    <ClCompile Include="MouseCallback.cpp">
      <Filter>Callback</Filter>
    </ClCompile>
    <ClCompile Include="InitCallback.cpp">
      <Filter>Init</Filter>
    </ClCompile>
    <ClCompile Include="InitGLWindow.cpp">
      <Filter>Init</Filter>
    </ClCompile>
    <ClCompile Include="ThreadRender.cpp">
      <Filter>Thread</Filter>
    </ClCompile>
    <ClCompile Include="InitShader.cpp">
      <Filter>Init</Filter>
    </ClCompile>
    <ClCompile Include="Render.cpp">
      <Filter>Render</Filter>
    </ClCompile>
    <ClCompile Include="Shader.cpp">
      <Filter>Shader</Filter>
    </ClCompile>
    <ClCompile Include="WindowsCallback.cpp">
      <Filter>Callback</Filter>
    </ClCompile>
    <ClCompile Include="RefreshRenderData.cpp">
      <Filter>Render</Filter>
    </ClCompile>
    <ClCompile Include="AddRefreshData.cpp">
      <Filter>Render</Filter>
    </ClCompile>
    <ClCompile Include="Location.cpp">
      <Filter>Location</Filter>
    </ClCompile>
    <ClCompile Include="Camera.cpp">
      <Filter>Render</Filter>
    </ClCompile>
    <ClCompile Include="RenderGroup.cpp">
      <Filter>Render</Filter>
    </ClCompile>
    <ClCompile Include="InitThread.cpp">
      <Filter>Init</Filter>
    </ClCompile>
    <ClCompile Include="BlockRender.cpp">
      <Filter>Block</Filter>
    </ClCompile>
    <ClCompile Include="LoadShader.cpp">
      <Filter>Shader</Filter>
    </ClCompile>
    <ClCompile Include="KeyboardCallback.cpp">
      <Filter>Callback</Filter>
    </ClCompile>
    <ClCompile Include="GameRefresh.cpp">
      <Filter>Game</Filter>
    </ClCompile>
  </ItemGroup>
  <ItemGroup>
    <ClInclude Include="Init.h">
      <Filter>Init</Filter>
    </ClInclude>
    <ClInclude Include="Thread.h">
      <Filter>Thread</Filter>
    </ClInclude>
    <ClInclude Include="Shader.h">
      <Filter>Shader</Filter>
    </ClInclude>
    <ClInclude Include="Secret.h" />
    <ClInclude Include="Render.h">
      <Filter>Render</Filter>
    </ClInclude>
    <ClInclude Include="Location.h">
      <Filter>Location</Filter>
    </ClInclude>
    <ClInclude Include="Block.h">
      <Filter>Block</Filter>
    </ClInclude>
    <ClInclude Include="Callback.h">
      <Filter>Callback</Filter>
    </ClInclude>
    <ClInclude Include="Game.h">
      <Filter>Game</Filter>
    </ClInclude>
  </ItemGroup>
</Project>